
Microsoft Visual Studio Solution File, Format Version 12.00
# Visual Studio Version 16
VisualStudioVersion = 16.0.31613.86
MinimumVisualStudioVersion = 10.0.40219.1
Project("{FAE04EC0-301F-11D3-BF4B-00C04F79EFBC}") = "1-PrimeiroProjeto", "1-PrimeiroProjeto\1-PrimeiroProjeto.csproj", "{2CD00956-E151-4586-A7BA-10793CA944EE}"
EndProject
Project("{FAE04EC0-301F-11D3-BF4B-00C04F79EFBC}") = "2-CriandoVariaveis", "2-CriandoVariaveis\2-CriandoVariaveis.csproj", "{50F887B8-4DED-4F57-BBCF-B0D4AB9B4A19}"
EndProject
Project("{FAE04EC0-301F-11D3-BF4B-00C04F79EFBC}") = "3-CriandoVariaveisPontoFlutuante", "3-CriandoVariaveisPontoFlutuante\3-CriandoVariaveisPontoFlutuante.csproj", "{BC7268F0-F249-45CA-801F-89E18A61CFA5}"
EndProject
Project("{FAE04EC0-301F-11D3-BF4B-00C04F79EFBC}") = "4-ConversoesEOutrosTiposNumericos", "4-ConversoesEOutrosTiposNumericos\4-ConversoesEOutrosTiposNumericos.csproj", "{2DA95994-A7E8-48E7-9407-DE9DE14DAC1D}"
EndProject
Project("{FAE04EC0-301F-11D3-BF4B-00C04F79EFBC}") = "5-CaracteresETextos", "5-CaracteresETextos\5-CaracteresETextos.csproj", "{300C9C19-BB76-40B0-A743-5615304A035D}"
EndProject
Project("{FAE04EC0-301F-11D3-BF4B-00C04F79EFBC}") = "6-AtribuicoesDeVariaveis", "6-AtribuicoesDeVariaveis\6-AtribuicoesDeVariaveis.csproj", "{94FDF468-BA88-4C30-AE89-60A9ACE977C4}"
EndProject
Project("{FAE04EC0-301F-11D3-BF4B-00C04F79EFBC}") = "7-Condicionais", "7-Condicionais\7-Condicionais.csproj", "{F90B2E34-4F48-4ABD-9F1F-5D0E845246C6}"
EndProject
Project("{FAE04EC0-301F-11D3-BF4B-00C04F79EFBC}") = "8-Condicionais2", "8-Condicionais2\8-Condicionais2.csproj", "{205A24D9-E952-4061-A2B9-FF0860F623BA}"
EndProject
Project("{FAE04EC0-301F-11D3-BF4B-00C04F79EFBC}") = "9-Escopo", "9-Escopo\9-Escopo.csproj", "{6CF291E2-5468-4611-856E-A332731FCB17}"
EndProject
Project("{FAE04EC0-301F-11D3-BF4B-00C04F79EFBC}") = "P10-CalculcaPoupanca", "P10-CalculcaPoupanca\P10-CalculcaPoupanca.csproj", "{78277B48-3770-417A-A1ED-C01F20742CC4}"
EndProject
Project("{FAE04EC0-301F-11D3-BF4B-00C04F79EFBC}") = "P11-CalculaPoupanca2", "P11-CalculaPoupanca2\P11-CalculaPoupanca2.csproj", "{5FB07F5D-0174-4A59-9CA5-3BCEAC903ED5}"
EndProject
Project("{FAE04EC0-301F-11D3-BF4B-00C04F79EFBC}") = "P12-CalculaInvestimentoLongoPrazo", "P12-CalculaInvestimentoLongoPrazo\P12-CalculaInvestimentoLongoPrazo.csproj", "{DC65EE17-FFFF-4C4A-BB3E-3DF27A7B9F90}"
EndProject
Project("{FAE04EC0-301F-11D3-BF4B-00C04F79EFBC}") = "P13-ForEncadeado", "P13-ForEncadeado\P13-ForEncadeado.csproj", "{A854D440-F886-48E0-BED5-2D5A0C3FA9FA}"
EndProject
Global
	GlobalSection(SolutionConfigurationPlatforms) = preSolution
		Debug|Any CPU = Debug|Any CPU
		Release|Any CPU = Release|Any CPU
	EndGlobalSection
	GlobalSection(ProjectConfigurationPlatforms) = postSolution
		{2CD00956-E151-4586-A7BA-10793CA944EE}.Debug|Any CPU.ActiveCfg = Debug|Any CPU
		{2CD00956-E151-4586-A7BA-10793CA944EE}.Debug|Any CPU.Build.0 = Debug|Any CPU
		{2CD00956-E151-4586-A7BA-10793CA944EE}.Release|Any CPU.ActiveCfg = Release|Any CPU
		{2CD00956-E151-4586-A7BA-10793CA944EE}.Release|Any CPU.Build.0 = Release|Any CPU
		{50F887B8-4DED-4F57-BBCF-B0D4AB9B4A19}.Debug|Any CPU.ActiveCfg = Debug|Any CPU
		{50F887B8-4DED-4F57-BBCF-B0D4AB9B4A19}.Debug|Any CPU.Build.0 = Debug|Any CPU
		{50F887B8-4DED-4F57-BBCF-B0D4AB9B4A19}.Release|Any CPU.ActiveCfg = Release|Any CPU
		{50F887B8-4DED-4F57-BBCF-B0D4AB9B4A19}.Release|Any CPU.Build.0 = Release|Any CPU
		{BC7268F0-F249-45CA-801F-89E18A61CFA5}.Debug|Any CPU.ActiveCfg = Debug|Any CPU
		{BC7268F0-F249-45CA-801F-89E18A61CFA5}.Debug|Any CPU.Build.0 = Debug|Any CPU
		{BC7268F0-F249-45CA-801F-89E18A61CFA5}.Release|Any CPU.ActiveCfg = Release|Any CPU
		{BC7268F0-F249-45CA-801F-89E18A61CFA5}.Release|Any CPU.Build.0 = Release|Any CPU
		{2DA95994-A7E8-48E7-9407-DE9DE14DAC1D}.Debug|Any CPU.ActiveCfg = Debug|Any CPU
		{2DA95994-A7E8-48E7-9407-DE9DE14DAC1D}.Debug|Any CPU.Build.0 = Debug|Any CPU
		{2DA95994-A7E8-48E7-9407-DE9DE14DAC1D}.Release|Any CPU.ActiveCfg = Release|Any CPU
		{2DA95994-A7E8-48E7-9407-DE9DE14DAC1D}.Release|Any CPU.Build.0 = Release|Any CPU
		{300C9C19-BB76-40B0-A743-5615304A035D}.Debug|Any CPU.ActiveCfg = Debug|Any CPU
		{300C9C19-BB76-40B0-A743-5615304A035D}.Debug|Any CPU.Build.0 = Debug|Any CPU
		{300C9C19-BB76-40B0-A743-5615304A035D}.Release|Any CPU.ActiveCfg = Release|Any CPU
		{300C9C19-BB76-40B0-A743-5615304A035D}.Release|Any CPU.Build.0 = Release|Any CPU
		{94FDF468-BA88-4C30-AE89-60A9ACE977C4}.Debug|Any CPU.ActiveCfg = Debug|Any CPU
		{94FDF468-BA88-4C30-AE89-60A9ACE977C4}.Debug|Any CPU.Build.0 = Debug|Any CPU
		{94FDF468-BA88-4C30-AE89-60A9ACE977C4}.Release|Any CPU.ActiveCfg = Release|Any CPU
		{94FDF468-BA88-4C30-AE89-60A9ACE977C4}.Release|Any CPU.Build.0 = Release|Any CPU
		{F90B2E34-4F48-4ABD-9F1F-5D0E845246C6}.Debug|Any CPU.ActiveCfg = Debug|Any CPU
		{F90B2E34-4F48-4ABD-9F1F-5D0E845246C6}.Debug|Any CPU.Build.0 = Debug|Any CPU
		{F90B2E34-4F48-4ABD-9F1F-5D0E845246C6}.Release|Any CPU.ActiveCfg = Release|Any CPU
		{F90B2E34-4F48-4ABD-9F1F-5D0E845246C6}.Release|Any CPU.Build.0 = Release|Any CPU
		{205A24D9-E952-4061-A2B9-FF0860F623BA}.Debug|Any CPU.ActiveCfg = Debug|Any CPU
		{205A24D9-E952-4061-A2B9-FF0860F623BA}.Debug|Any CPU.Build.0 = Debug|Any CPU
		{205A24D9-E952-4061-A2B9-FF0860F623BA}.Release|Any CPU.ActiveCfg = Release|Any CPU
		{205A24D9-E952-4061-A2B9-FF0860F623BA}.Release|Any CPU.Build.0 = Release|Any CPU
		{6CF291E2-5468-4611-856E-A332731FCB17}.Debug|Any CPU.ActiveCfg = Debug|Any CPU
		{6CF291E2-5468-4611-856E-A332731FCB17}.Debug|Any CPU.Build.0 = Debug|Any CPU
		{6CF291E2-5468-4611-856E-A332731FCB17}.Release|Any CPU.ActiveCfg = Release|Any CPU
		{6CF291E2-5468-4611-856E-A332731FCB17}.Release|Any CPU.Build.0 = Release|Any CPU
		{78277B48-3770-417A-A1ED-C01F20742CC4}.Debug|Any CPU.ActiveCfg = Debug|Any CPU
		{78277B48-3770-417A-A1ED-C01F20742CC4}.Debug|Any CPU.Build.0 = Debug|Any CPU
		{78277B48-3770-417A-A1ED-C01F20742CC4}.Release|Any CPU.ActiveCfg = Release|Any CPU
		{78277B48-3770-417A-A1ED-C01F20742CC4}.Release|Any CPU.Build.0 = Release|Any CPU
		{5FB07F5D-0174-4A59-9CA5-3BCEAC903ED5}.Debug|Any CPU.ActiveCfg = Debug|Any CPU
		{5FB07F5D-0174-4A59-9CA5-3BCEAC903ED5}.Debug|Any CPU.Build.0 = Debug|Any CPU
		{5FB07F5D-0174-4A59-9CA5-3BCEAC903ED5}.Release|Any CPU.ActiveCfg = Release|Any CPU
		{5FB07F5D-0174-4A59-9CA5-3BCEAC903ED5}.Release|Any CPU.Build.0 = Release|Any CPU
		{DC65EE17-FFFF-4C4A-BB3E-3DF27A7B9F90}.Debug|Any CPU.ActiveCfg = Debug|Any CPU
		{DC65EE17-FFFF-4C4A-BB3E-3DF27A7B9F90}.Debug|Any CPU.Build.0 = Debug|Any CPU
		{DC65EE17-FFFF-4C4A-BB3E-3DF27A7B9F90}.Release|Any CPU.ActiveCfg = Release|Any CPU
		{DC65EE17-FFFF-4C4A-BB3E-3DF27A7B9F90}.Release|Any CPU.Build.0 = Release|Any CPU
		{A854D440-F886-48E0-BED5-2D5A0C3FA9FA}.Debug|Any CPU.ActiveCfg = Debug|Any CPU
		{A854D440-F886-48E0-BED5-2D5A0C3FA9FA}.Debug|Any CPU.Build.0 = Debug|Any CPU
		{A854D440-F886-48E0-BED5-2D5A0C3FA9FA}.Release|Any CPU.ActiveCfg = Release|Any CPU
		{A854D440-F886-48E0-BED5-2D5A0C3FA9FA}.Release|Any CPU.Build.0 = Release|Any CPU
	EndGlobalSection
	GlobalSection(SolutionProperties) = preSolution
		HideSolutionNode = FALSE
	EndGlobalSection
	GlobalSection(ExtensibilityGlobals) = postSolution
		SolutionGuid = {921DD7A1-2A1A-40B2-B439-812300806D42}
	EndGlobalSection
EndGlobal
